
Microsoft Visual Studio Solution File, Format Version 12.00
# Visual Studio 15
VisualStudioVersion = 15.0.28307.572
MinimumVisualStudioVersion = 10.0.40219.1
Project("{9A19103F-16F7-4668-BE54-9A1E7A4F7556}") = "AbstractFactoryPattern", "AbstractFactoryPattern\AbstractFactoryPattern.csproj", "{F80EEF88-BCA8-47C6-AB72-D9C09DC63450}"
EndProject
Project("{9A19103F-16F7-4668-BE54-9A1E7A4F7556}") = "BuilderPattern", "BuilderPattern\BuilderPattern.csproj", "{DF522423-C30F-49CC-8D4B-1D41CD6C57C5}"
EndProject
Project("{9A19103F-16F7-4668-BE54-9A1E7A4F7556}") = "FactoryMethodPattern", "FactoryMethodPattern\FactoryMethodPattern.csproj", "{8E1654C6-C4DF-4793-A9D8-1BEA30751622}"
EndProject
Project("{9A19103F-16F7-4668-BE54-9A1E7A4F7556}") = "PrototypePattern", "PrototypePattern\PrototypePattern.csproj", "{D7F6C13D-F8B5-4496-BCBA-49F108A36839}"
EndProject
Project("{9A19103F-16F7-4668-BE54-9A1E7A4F7556}") = "SingletonPattern", "SingletonPattern\SingletonPattern.csproj", "{1EC55BA0-8123-463F-91CC-10D7AFC8A4E8}"
EndProject
Project("{9A19103F-16F7-4668-BE54-9A1E7A4F7556}") = "AdapterPattern", "AdapterPattern\AdapterPattern.csproj", "{EE476590-C360-4B50-88EC-68C2D4CBFE39}"
EndProject
Project("{9A19103F-16F7-4668-BE54-9A1E7A4F7556}") = "BridgePattern", "BridgePattern\BridgePattern.csproj", "{077DF8F7-1E55-4C09-AA08-241F7A7DD044}"
EndProject
Project("{9A19103F-16F7-4668-BE54-9A1E7A4F7556}") = "CompositePattern", "CompositePattern\CompositePattern.csproj", "{BC46EBB7-1C22-4E9F-892E-3F1208B74D60}"
EndProject
Project("{FAE04EC0-301F-11D3-BF4B-00C04F79EFBC}") = "DecoratorPattern", "DecoratorPattern\DecoratorPattern.csproj", "{4F6304C4-879C-4C19-8EB2-0034B4C74961}"
EndProject
Global
	GlobalSection(SolutionConfigurationPlatforms) = preSolution
		Debug|Any CPU = Debug|Any CPU
		Release|Any CPU = Release|Any CPU
	EndGlobalSection
	GlobalSection(ProjectConfigurationPlatforms) = postSolution
		{F80EEF88-BCA8-47C6-AB72-D9C09DC63450}.Debug|Any CPU.ActiveCfg = Debug|Any CPU
		{F80EEF88-BCA8-47C6-AB72-D9C09DC63450}.Debug|Any CPU.Build.0 = Debug|Any CPU
		{F80EEF88-BCA8-47C6-AB72-D9C09DC63450}.Release|Any CPU.ActiveCfg = Release|Any CPU
		{F80EEF88-BCA8-47C6-AB72-D9C09DC63450}.Release|Any CPU.Build.0 = Release|Any CPU
		{DF522423-C30F-49CC-8D4B-1D41CD6C57C5}.Debug|Any CPU.ActiveCfg = Debug|Any CPU
		{DF522423-C30F-49CC-8D4B-1D41CD6C57C5}.Debug|Any CPU.Build.0 = Debug|Any CPU
		{DF522423-C30F-49CC-8D4B-1D41CD6C57C5}.Release|Any CPU.ActiveCfg = Release|Any CPU
		{DF522423-C30F-49CC-8D4B-1D41CD6C57C5}.Release|Any CPU.Build.0 = Release|Any CPU
		{8E1654C6-C4DF-4793-A9D8-1BEA30751622}.Debug|Any CPU.ActiveCfg = Debug|Any CPU
		{8E1654C6-C4DF-4793-A9D8-1BEA30751622}.Debug|Any CPU.Build.0 = Debug|Any CPU
		{8E1654C6-C4DF-4793-A9D8-1BEA30751622}.Release|Any CPU.ActiveCfg = Release|Any CPU
		{8E1654C6-C4DF-4793-A9D8-1BEA30751622}.Release|Any CPU.Build.0 = Release|Any CPU
		{D7F6C13D-F8B5-4496-BCBA-49F108A36839}.Debug|Any CPU.ActiveCfg = Debug|Any CPU
		{D7F6C13D-F8B5-4496-BCBA-49F108A36839}.Debug|Any CPU.Build.0 = Debug|Any CPU
		{D7F6C13D-F8B5-4496-BCBA-49F108A36839}.Release|Any CPU.ActiveCfg = Release|Any CPU
		{D7F6C13D-F8B5-4496-BCBA-49F108A36839}.Release|Any CPU.Build.0 = Release|Any CPU
		{1EC55BA0-8123-463F-91CC-10D7AFC8A4E8}.Debug|Any CPU.ActiveCfg = Debug|Any CPU
		{1EC55BA0-8123-463F-91CC-10D7AFC8A4E8}.Debug|Any CPU.Build.0 = Debug|Any CPU
		{1EC55BA0-8123-463F-91CC-10D7AFC8A4E8}.Release|Any CPU.ActiveCfg = Release|Any CPU
		{1EC55BA0-8123-463F-91CC-10D7AFC8A4E8}.Release|Any CPU.Build.0 = Release|Any CPU
		{EE476590-C360-4B50-88EC-68C2D4CBFE39}.Debug|Any CPU.ActiveCfg = Debug|Any CPU
		{EE476590-C360-4B50-88EC-68C2D4CBFE39}.Debug|Any CPU.Build.0 = Debug|Any CPU
		{EE476590-C360-4B50-88EC-68C2D4CBFE39}.Release|Any CPU.ActiveCfg = Release|Any CPU
		{EE476590-C360-4B50-88EC-68C2D4CBFE39}.Release|Any CPU.Build.0 = Release|Any CPU
		{077DF8F7-1E55-4C09-AA08-241F7A7DD044}.Debug|Any CPU.ActiveCfg = Debug|Any CPU
		{077DF8F7-1E55-4C09-AA08-241F7A7DD044}.Debug|Any CPU.Build.0 = Debug|Any CPU
		{077DF8F7-1E55-4C09-AA08-241F7A7DD044}.Release|Any CPU.ActiveCfg = Release|Any CPU
		{077DF8F7-1E55-4C09-AA08-241F7A7DD044}.Release|Any CPU.Build.0 = Release|Any CPU
		{BC46EBB7-1C22-4E9F-892E-3F1208B74D60}.Debug|Any CPU.ActiveCfg = Debug|Any CPU
		{BC46EBB7-1C22-4E9F-892E-3F1208B74D60}.Debug|Any CPU.Build.0 = Debug|Any CPU
		{BC46EBB7-1C22-4E9F-892E-3F1208B74D60}.Release|Any CPU.ActiveCfg = Release|Any CPU
		{BC46EBB7-1C22-4E9F-892E-3F1208B74D60}.Release|Any CPU.Build.0 = Release|Any CPU
		{4F6304C4-879C-4C19-8EB2-0034B4C74961}.Debug|Any CPU.ActiveCfg = Debug|Any CPU
		{4F6304C4-879C-4C19-8EB2-0034B4C74961}.Debug|Any CPU.Build.0 = Debug|Any CPU
		{4F6304C4-879C-4C19-8EB2-0034B4C74961}.Release|Any CPU.ActiveCfg = Release|Any CPU
		{4F6304C4-879C-4C19-8EB2-0034B4C74961}.Release|Any CPU.Build.0 = Release|Any CPU
	EndGlobalSection
	GlobalSection(SolutionProperties) = preSolution
		HideSolutionNode = FALSE
	EndGlobalSection
	GlobalSection(ExtensibilityGlobals) = postSolution
		SolutionGuid = {7FE9B49F-0423-42BD-9C86-E943D6A5588E}
	EndGlobalSection
EndGlobal
